
Microsoft Visual Studio Solution File, Format Version 12.00
# Visual Studio Version 16
VisualStudioVersion = 16.0.30204.135
MinimumVisualStudioVersion = 10.0.40219.1
Project("{FAE04EC0-301F-11D3-BF4B-00C04F79EFBC}") = "Minesweeper", "Minesweeper\Minesweeper.csproj", "{8E37B4CC-200E-4652-8760-A18A5B4237BC}"
EndProject
Global
	GlobalSection(SolutionConfigurationPlatforms) = preSolution
		Debug|Any CPU = Debug|Any CPU
		Release|Any CPU = Release|Any CPU
	EndGlobalSection
	GlobalSection(ProjectConfigurationPlatforms) = postSolution
		{8E37B4CC-200E-4652-8760-A18A5B4237BC}.Debug|Any CPU.ActiveCfg = Debug|Any CPU
		{8E37B4CC-200E-4652-8760-A18A5B4237BC}.Debug|Any CPU.Build.0 = Debug|Any CPU
		{8E37B4CC-200E-4652-8760-A18A5B4237BC}.Release|Any CPU.ActiveCfg = Release|Any CPU
		{8E37B4CC-200E-4652-8760-A18A5B4237BC}.Release|Any CPU.Build.0 = Release|Any CPU
	EndGlobalSection
	GlobalSection(SolutionProperties) = preSolution
		HideSolutionNode = FALSE
	EndGlobalSection
	GlobalSection(ExtensibilityGlobals) = postSolution
		SolutionGuid = {EFBBCD2B-BC6D-4E21-8664-0F931E00AB22}
	EndGlobalSection
EndGlobal
